// !$*UTF8*$!
{
	archiveVersion = 1;
	classes = {
	};
	objectVersion = 50;
	objects = {

/* Begin PBXBuildFile section */
		0FD4EC43EA9C8FA1ABE8D7A5 /* Pods_TransparentNavigationDemoUITests.framework in Frameworks */ = {isa = PBXBuildFile; fileRef = 9B9705F1B2432854101341FE /* Pods_TransparentNavigationDemoUITests.framework */; };
		13667B7566927FFC95FAC952 /* Pods_TransparentNavigationDemoTests.framework in Frameworks */ = {isa = PBXBuildFile; fileRef = 0F6FA9F203B54A33320B4429 /* Pods_TransparentNavigationDemoTests.framework */; };
		32F1DE0F21F1B47100430983 /* AppDelegate.m in Sources */ = {isa = PBXBuildFile; fileRef = 32F1DE0E21F1B47100430983 /* AppDelegate.m */; };
		32F1DE1221F1B47100430983 /* ViewController.m in Sources */ = {isa = PBXBuildFile; fileRef = 32F1DE1121F1B47100430983 /* ViewController.m */; };
		32F1DE1521F1B47100430983 /* Main.storyboard in Resources */ = {isa = PBXBuildFile; fileRef = 32F1DE1321F1B47100430983 /* Main.storyboard */; };
		32F1DE1721F1B47200430983 /* Assets.xcassets in Resources */ = {isa = PBXBuildFile; fileRef = 32F1DE1621F1B47200430983 /* Assets.xcassets */; };
		32F1DE1A21F1B47200430983 /* LaunchScreen.storyboard in Resources */ = {isa = PBXBuildFile; fileRef = 32F1DE1821F1B47200430983 /* LaunchScreen.storyboard */; };
		32F1DE1D21F1B47200430983 /* main.m in Sources */ = {isa = PBXBuildFile; fileRef = 32F1DE1C21F1B47200430983 /* main.m */; };
		32F1DE2721F1B47300430983 /* TransparentNavigationDemoTests.m in Sources */ = {isa = PBXBuildFile; fileRef = 32F1DE2621F1B47300430983 /* TransparentNavigationDemoTests.m */; };
		32F1DE3221F1B47300430983 /* TransparentNavigationDemoUITests.m in Sources */ = {isa = PBXBuildFile; fileRef = 32F1DE3121F1B47300430983 /* TransparentNavigationDemoUITests.m */; };
		32F1DE4121F1B4B000430983 /* NextViewController.m in Sources */ = {isa = PBXBuildFile; fileRef = 32F1DE4021F1B4B000430983 /* NextViewController.m */; };
		32F1DE5321F1B5FA00430983 /* File.swift in Sources */ = {isa = PBXBuildFile; fileRef = 32F1DE5221F1B5FA00430983 /* File.swift */; };
		FA3C82507947F13E014375EB /* Pods_TransparentNavigationDemo.framework in Frameworks */ = {isa = PBXBuildFile; fileRef = 06C222A6BEBCE440475A45BE /* Pods_TransparentNavigationDemo.framework */; };
/* End PBXBuildFile section */

/* Begin PBXContainerItemProxy section */
		32F1DE2321F1B47300430983 /* PBXContainerItemProxy */ = {
			isa = PBXContainerItemProxy;
			containerPortal = 32F1DE0221F1B47000430983 /* Project object */;
			proxyType = 1;
			remoteGlobalIDString = 32F1DE0921F1B47100430983;
			remoteInfo = TransparentNavigationDemo;
		};
		32F1DE2E21F1B47300430983 /* PBXContainerItemProxy */ = {
			isa = PBXContainerItemProxy;
			containerPortal = 32F1DE0221F1B47000430983 /* Project object */;
			proxyType = 1;
			remoteGlobalIDString = 32F1DE0921F1B47100430983;
			remoteInfo = TransparentNavigationDemo;
		};
/* End PBXContainerItemProxy section */

/* Begin PBXFileReference section */
		06C222A6BEBCE440475A45BE /* Pods_TransparentNavigationDemo.framework */ = {isa = PBXFileReference; explicitFileType = wrapper.framework; includeInIndex = 0; path = Pods_TransparentNavigationDemo.framework; sourceTree = BUILT_PRODUCTS_DIR; };
		0F6FA9F203B54A33320B4429 /* Pods_TransparentNavigationDemoTests.framework */ = {isa = PBXFileReference; explicitFileType = wrapper.framework; includeInIndex = 0; path = Pods_TransparentNavigationDemoTests.framework; sourceTree = BUILT_PRODUCTS_DIR; };
		1DE2C78721C6D28D954AFA4E /* Pods-TransparentNavigationDemoTests.debug.xcconfig */ = {isa = PBXFileReference; includeInIndex = 1; lastKnownFileType = text.xcconfig; name = "Pods-TransparentNavigationDemoTests.debug.xcconfig"; path = "Pods/Target Support Files/Pods-TransparentNavigationDemoTests/Pods-TransparentNavigationDemoTests.debug.xcconfig"; sourceTree = "<group>"; };
		2D2EF87493E23FCCCEB41290 /* Pods-TransparentNavigationDemo.release.xcconfig */ = {isa = PBXFileReference; includeInIndex = 1; lastKnownFileType = text.xcconfig; name = "Pods-TransparentNavigationDemo.release.xcconfig"; path = "Pods/Target Support Files/Pods-TransparentNavigationDemo/Pods-TransparentNavigationDemo.release.xcconfig"; sourceTree = "<group>"; };
		32F1DE0A21F1B47100430983 /* TransparentNavigationDemo.app */ = {isa = PBXFileReference; explicitFileType = wrapper.application; includeInIndex = 0; path = TransparentNavigationDemo.app; sourceTree = BUILT_PRODUCTS_DIR; };
		32F1DE0D21F1B47100430983 /* AppDelegate.h */ = {isa = PBXFileReference; lastKnownFileType = sourcecode.c.h; path = AppDelegate.h; sourceTree = "<group>"; };
		32F1DE0E21F1B47100430983 /* AppDelegate.m */ = {isa = PBXFileReference; lastKnownFileType = sourcecode.c.objc; path = AppDelegate.m; sourceTree = "<group>"; };
		32F1DE1021F1B47100430983 /* ViewController.h */ = {isa = PBXFileReference; lastKnownFileType = sourcecode.c.h; path = ViewController.h; sourceTree = "<group>"; };
		32F1DE1121F1B47100430983 /* ViewController.m */ = {isa = PBXFileReference; lastKnownFileType = sourcecode.c.objc; path = ViewController.m; sourceTree = "<group>"; };
		32F1DE1421F1B47100430983 /* Base */ = {isa = PBXFileReference; lastKnownFileType = file.storyboard; name = Base; path = Base.lproj/Main.storyboard; sourceTree = "<group>"; };
		32F1DE1621F1B47200430983 /* Assets.xcassets */ = {isa = PBXFileReference; lastKnownFileType = folder.assetcatalog; path = Assets.xcassets; sourceTree = "<group>"; };
		32F1DE1921F1B47200430983 /* Base */ = {isa = PBXFileReference; lastKnownFileType = file.storyboard; name = Base; path = Base.lproj/LaunchScreen.storyboard; sourceTree = "<group>"; };
		32F1DE1B21F1B47200430983 /* Info.plist */ = {isa = PBXFileReference; lastKnownFileType = text.plist.xml; path = Info.plist; sourceTree = "<group>"; };
		32F1DE1C21F1B47200430983 /* main.m */ = {isa = PBXFileReference; lastKnownFileType = sourcecode.c.objc; path = main.m; sourceTree = "<group>"; };
		32F1DE2221F1B47300430983 /* TransparentNavigationDemoTests.xctest */ = {isa = PBXFileReference; explicitFileType = wrapper.cfbundle; includeInIndex = 0; path = TransparentNavigationDemoTests.xctest; sourceTree = BUILT_PRODUCTS_DIR; };
		32F1DE2621F1B47300430983 /* TransparentNavigationDemoTests.m */ = {isa = PBXFileReference; lastKnownFileType = sourcecode.c.objc; path = TransparentNavigationDemoTests.m; sourceTree = "<group>"; };
		32F1DE2821F1B47300430983 /* Info.plist */ = {isa = PBXFileReference; lastKnownFileType = text.plist.xml; path = Info.plist; sourceTree = "<group>"; };
		32F1DE2D21F1B47300430983 /* TransparentNavigationDemoUITests.xctest */ = {isa = PBXFileReference; explicitFileType = wrapper.cfbundle; includeInIndex = 0; path = TransparentNavigationDemoUITests.xctest; sourceTree = BUILT_PRODUCTS_DIR; };
		32F1DE3121F1B47300430983 /* TransparentNavigationDemoUITests.m */ = {isa = PBXFileReference; lastKnownFileType = sourcecode.c.objc; path = TransparentNavigationDemoUITests.m; sourceTree = "<group>"; };
		32F1DE3321F1B47300430983 /* Info.plist */ = {isa = PBXFileReference; lastKnownFileType = text.plist.xml; path = Info.plist; sourceTree = "<group>"; };
		32F1DE3F21F1B4B000430983 /* NextViewController.h */ = {isa = PBXFileReference; lastKnownFileType = sourcecode.c.h; path = NextViewController.h; sourceTree = "<group>"; };
		32F1DE4021F1B4B000430983 /* NextViewController.m */ = {isa = PBXFileReference; lastKnownFileType = sourcecode.c.objc; path = NextViewController.m; sourceTree = "<group>"; };
		32F1DE5121F1B5A100430983 /* TransparentNavigationDemo-Bridging-Header.h */ = {isa = PBXFileReference; lastKnownFileType = sourcecode.c.h; path = "TransparentNavigationDemo-Bridging-Header.h"; sourceTree = "<group>"; };
		32F1DE5221F1B5FA00430983 /* File.swift */ = {isa = PBXFileReference; lastKnownFileType = sourcecode.swift; path = File.swift; sourceTree = "<group>"; };
		84012A816CE6A395E49B6432 /* Pods-TransparentNavigationDemoTests.release.xcconfig */ = {isa = PBXFileReference; includeInIndex = 1; lastKnownFileType = text.xcconfig; name = "Pods-TransparentNavigationDemoTests.release.xcconfig"; path = "Pods/Target Support Files/Pods-TransparentNavigationDemoTests/Pods-TransparentNavigationDemoTests.release.xcconfig"; sourceTree = "<group>"; };
		9B9705F1B2432854101341FE /* Pods_TransparentNavigationDemoUITests.framework */ = {isa = PBXFileReference; explicitFileType = wrapper.framework; includeInIndex = 0; path = Pods_TransparentNavigationDemoUITests.framework; sourceTree = BUILT_PRODUCTS_DIR; };
		A305A18DD223D267B40788F6 /* Pods-TransparentNavigationDemoUITests.release.xcconfig */ = {isa = PBXFileReference; includeInIndex = 1; lastKnownFileType = text.xcconfig; name = "Pods-TransparentNavigationDemoUITests.release.xcconfig"; path = "Pods/Target Support Files/Pods-TransparentNavigationDemoUITests/Pods-TransparentNavigationDemoUITests.release.xcconfig"; sourceTree = "<group>"; };
		E8CC4B8CC3779A4769F9421D /* Pods-TransparentNavigationDemoUITests.debug.xcconfig */ = {isa = PBXFileReference; includeInIndex = 1; lastKnownFileType = text.xcconfig; name = "Pods-TransparentNavigationDemoUITests.debug.xcconfig"; path = "Pods/Target Support Files/Pods-TransparentNavigationDemoUITests/Pods-TransparentNavigationDemoUITests.debug.xcconfig"; sourceTree = "<group>"; };
		F7AD8850E69DB5BD274D1867 /* Pods-TransparentNavigationDemo.debug.xcconfig */ = {isa = PBXFileReference; includeInIndex = 1; lastKnownFileType = text.xcconfig; name = "Pods-TransparentNavigationDemo.debug.xcconfig"; path = "Pods/Target Support Files/Pods-TransparentNavigationDemo/Pods-TransparentNavigationDemo.debug.xcconfig"; sourceTree = "<group>"; };
/* End PBXFileReference section */

/* Begin PBXFrameworksBuildPhase section */
		32F1DE0721F1B47100430983 /* Frameworks */ = {
			isa = PBXFrameworksBuildPhase;
			buildActionMask = 2147483647;
			files = (
				FA3C82507947F13E014375EB /* Pods_TransparentNavigationDemo.framework in Frameworks */,
			);
			runOnlyForDeploymentPostprocessing = 0;
		};
		32F1DE1F21F1B47300430983 /* Frameworks */ = {
			isa = PBXFrameworksBuildPhase;
			buildActionMask = 2147483647;
			files = (
				13667B7566927FFC95FAC952 /* Pods_TransparentNavigationDemoTests.framework in Frameworks */,
			);
			runOnlyForDeploymentPostprocessing = 0;
		};
		32F1DE2A21F1B47300430983 /* Frameworks */ = {
			isa = PBXFrameworksBuildPhase;
			buildActionMask = 2147483647;
			files = (
				0FD4EC43EA9C8FA1ABE8D7A5 /* Pods_TransparentNavigationDemoUITests.framework in Frameworks */,
			);
			runOnlyForDeploymentPostprocessing = 0;
		};
/* End PBXFrameworksBuildPhase section */

/* Begin PBXGroup section */
		32F1DE0121F1B47000430983 = {
			isa = PBXGroup;
			children = (
				32F1DE0C21F1B47100430983 /* TransparentNavigationDemo */,
				32F1DE2521F1B47300430983 /* TransparentNavigationDemoTests */,
				32F1DE3021F1B47300430983 /* TransparentNavigationDemoUITests */,
				32F1DE0B21F1B47100430983 /* Products */,
				76D158AE7DB4637D800B812F /* Pods */,
				EEF6111E97D62AE4F322C228 /* Frameworks */,
			);
			sourceTree = "<group>";
		};
		32F1DE0B21F1B47100430983 /* Products */ = {
			isa = PBXGroup;
			children = (
				32F1DE0A21F1B47100430983 /* TransparentNavigationDemo.app */,
				32F1DE2221F1B47300430983 /* TransparentNavigationDemoTests.xctest */,
				32F1DE2D21F1B47300430983 /* TransparentNavigationDemoUITests.xctest */,
			);
			name = Products;
			sourceTree = "<group>";
		};
		32F1DE0C21F1B47100430983 /* TransparentNavigationDemo */ = {
			isa = PBXGroup;
			children = (
				32F1DE0D21F1B47100430983 /* AppDelegate.h */,
				32F1DE0E21F1B47100430983 /* AppDelegate.m */,
				32F1DE5221F1B5FA00430983 /* File.swift */,
				32F1DE1021F1B47100430983 /* ViewController.h */,
				32F1DE1121F1B47100430983 /* ViewController.m */,
				32F1DE3F21F1B4B000430983 /* NextViewController.h */,
				32F1DE4021F1B4B000430983 /* NextViewController.m */,
				32F1DE5121F1B5A100430983 /* TransparentNavigationDemo-Bridging-Header.h */,
				32F1DE1321F1B47100430983 /* Main.storyboard */,
				32F1DE1621F1B47200430983 /* Assets.xcassets */,
				32F1DE1821F1B47200430983 /* LaunchScreen.storyboard */,
				32F1DE1B21F1B47200430983 /* Info.plist */,
				32F1DE1C21F1B47200430983 /* main.m */,
			);
			path = TransparentNavigationDemo;
			sourceTree = "<group>";
		};
		32F1DE2521F1B47300430983 /* TransparentNavigationDemoTests */ = {
			isa = PBXGroup;
			children = (
				32F1DE2621F1B47300430983 /* TransparentNavigationDemoTests.m */,
				32F1DE2821F1B47300430983 /* Info.plist */,
			);
			path = TransparentNavigationDemoTests;
			sourceTree = "<group>";
		};
		32F1DE3021F1B47300430983 /* TransparentNavigationDemoUITests */ = {
			isa = PBXGroup;
			children = (
				32F1DE3121F1B47300430983 /* TransparentNavigationDemoUITests.m */,
				32F1DE3321F1B47300430983 /* Info.plist */,
			);
			path = TransparentNavigationDemoUITests;
			sourceTree = "<group>";
		};
		76D158AE7DB4637D800B812F /* Pods */ = {
			isa = PBXGroup;
			children = (
				F7AD8850E69DB5BD274D1867 /* Pods-TransparentNavigationDemo.debug.xcconfig */,
				2D2EF87493E23FCCCEB41290 /* Pods-TransparentNavigationDemo.release.xcconfig */,
				1DE2C78721C6D28D954AFA4E /* Pods-TransparentNavigationDemoTests.debug.xcconfig */,
				84012A816CE6A395E49B6432 /* Pods-TransparentNavigationDemoTests.release.xcconfig */,
				E8CC4B8CC3779A4769F9421D /* Pods-TransparentNavigationDemoUITests.debug.xcconfig */,
				A305A18DD223D267B40788F6 /* Pods-TransparentNavigationDemoUITests.release.xcconfig */,
			);
			name = Pods;
			sourceTree = "<group>";
		};
		EEF6111E97D62AE4F322C228 /* Frameworks */ = {
			isa = PBXGroup;
			children = (
				06C222A6BEBCE440475A45BE /* Pods_TransparentNavigationDemo.framework */,
				0F6FA9F203B54A33320B4429 /* Pods_TransparentNavigationDemoTests.framework */,
				9B9705F1B2432854101341FE /* Pods_TransparentNavigationDemoUITests.framework */,
			);
			name = Frameworks;
			sourceTree = "<group>";
		};
/* End PBXGroup section */

/* Begin PBXNativeTarget section */
		32F1DE0921F1B47100430983 /* TransparentNavigationDemo */ = {
			isa = PBXNativeTarget;
			buildConfigurationList = 32F1DE3621F1B47300430983 /* Build configuration list for PBXNativeTarget "TransparentNavigationDemo" */;
			buildPhases = (
				F6B479D39C67B9A1F881EA0D /* [CP] Check Pods Manifest.lock */,
				32F1DE0621F1B47100430983 /* Sources */,
				32F1DE0721F1B47100430983 /* Frameworks */,
				32F1DE0821F1B47100430983 /* Resources */,
				2FFBB2A0A2C6BF9E324CF31F /* [CP] Embed Pods Frameworks */,
			);
			buildRules = (
			);
			dependencies = (
			);
			name = TransparentNavigationDemo;
			productName = TransparentNavigationDemo;
			productReference = 32F1DE0A21F1B47100430983 /* TransparentNavigationDemo.app */;
			productType = "com.apple.product-type.application";
		};
		32F1DE2121F1B47300430983 /* TransparentNavigationDemoTests */ = {
			isa = PBXNativeTarget;
			buildConfigurationList = 32F1DE3921F1B47300430983 /* Build configuration list for PBXNativeTarget "TransparentNavigationDemoTests" */;
			buildPhases = (
				23DC00423B080026C3EED088 /* [CP] Check Pods Manifest.lock */,
				32F1DE1E21F1B47300430983 /* Sources */,
				32F1DE1F21F1B47300430983 /* Frameworks */,
				32F1DE2021F1B47300430983 /* Resources */,
			);
			buildRules = (
			);
			dependencies = (
				32F1DE2421F1B47300430983 /* PBXTargetDependency */,
			);
			name = TransparentNavigationDemoTests;
			productName = TransparentNavigationDemoTests;
			productReference = 32F1DE2221F1B47300430983 /* TransparentNavigationDemoTests.xctest */;
			productType = "com.apple.product-type.bundle.unit-test";
		};
		32F1DE2C21F1B47300430983 /* TransparentNavigationDemoUITests */ = {
			isa = PBXNativeTarget;
			buildConfigurationList = 32F1DE3C21F1B47300430983 /* Build configuration list for PBXNativeTarget "TransparentNavigationDemoUITests" */;
			buildPhases = (
				BBC3FC22B64530831D5E0B31 /* [CP] Check Pods Manifest.lock */,
				32F1DE2921F1B47300430983 /* Sources */,
				32F1DE2A21F1B47300430983 /* Frameworks */,
				32F1DE2B21F1B47300430983 /* Resources */,
			);
			buildRules = (
			);
			dependencies = (
				32F1DE2F21F1B47300430983 /* PBXTargetDependency */,
			);
			name = TransparentNavigationDemoUITests;
			productName = TransparentNavigationDemoUITests;
			productReference = 32F1DE2D21F1B47300430983 /* TransparentNavigationDemoUITests.xctest */;
			productType = "com.apple.product-type.bundle.ui-testing";
		};
/* End PBXNativeTarget section */

/* Begin PBXProject section */
		32F1DE0221F1B47000430983 /* Project object */ = {
			isa = PBXProject;
			attributes = {
				LastUpgradeCheck = 1010;
				ORGANIZATIONNAME = GeekBruce;
				TargetAttributes = {
					32F1DE0921F1B47100430983 = {
						CreatedOnToolsVersion = 10.1;
					};
					32F1DE2121F1B47300430983 = {
						CreatedOnToolsVersion = 10.1;
						TestTargetID = 32F1DE0921F1B47100430983;
					};
					32F1DE2C21F1B47300430983 = {
						CreatedOnToolsVersion = 10.1;
						TestTargetID = 32F1DE0921F1B47100430983;
					};
				};
			};
			buildConfigurationList = 32F1DE0521F1B47000430983 /* Build configuration list for PBXProject "TransparentNavigationDemo" */;
			compatibilityVersion = "Xcode 9.3";
			developmentRegion = en;
			hasScannedForEncodings = 0;
			knownRegions = (
				en,
				Base,
			);
			mainGroup = 32F1DE0121F1B47000430983;
			productRefGroup = 32F1DE0B21F1B47100430983 /* Products */;
			projectDirPath = "";
			projectRoot = "";
			targets = (
				32F1DE0921F1B47100430983 /* TransparentNavigationDemo */,
				32F1DE2121F1B47300430983 /* TransparentNavigationDemoTests */,
				32F1DE2C21F1B47300430983 /* TransparentNavigationDemoUITests */,
			);
		};
/* End PBXProject section */

/* Begin PBXResourcesBuildPhase section */
		32F1DE0821F1B47100430983 /* Resources */ = {
			isa = PBXResourcesBuildPhase;
			buildActionMask = 2147483647;
			files = (
				32F1DE1A21F1B47200430983 /* LaunchScreen.storyboard in Resources */,
				32F1DE1721F1B47200430983 /* Assets.xcassets in Resources */,
				32F1DE1521F1B47100430983 /* Main.storyboard in Resources */,
			);
			runOnlyForDeploymentPostprocessing = 0;
		};
		32F1DE2021F1B47300430983 /* Resources */ = {
			isa = PBXResourcesBuildPhase;
			buildActionMask = 2147483647;
			files = (
			);
			runOnlyForDeploymentPostprocessing = 0;
		};
		32F1DE2B21F1B47300430983 /* Resources */ = {
			isa = PBXResourcesBuildPhase;
			buildActionMask = 2147483647;
			files = (
			);
			runOnlyForDeploymentPostprocessing = 0;
		};
/* End PBXResourcesBuildPhase section */

/* Begin PBXShellScriptBuildPhase section */
		23DC00423B080026C3EED088 /* [CP] Check Pods Manifest.lock */ = {
			isa = PBXShellScriptBuildPhase;
			buildActionMask = 2147483647;
			files = (
			);
			inputFileListPaths = (
			);
			inputPaths = (
				"${PODS_PODFILE_DIR_PATH}/Podfile.lock",
				"${PODS_ROOT}/Manifest.lock",
			);
			name = "[CP] Check Pods Manifest.lock";
			outputFileListPaths = (
			);
			outputPaths = (
				"$(DERIVED_FILE_DIR)/Pods-TransparentNavigationDemoTests-checkManifestLockResult.txt",
			);
			runOnlyForDeploymentPostprocessing = 0;
			shellPath = /bin/sh;
			shellScript = "diff \"${PODS_PODFILE_DIR_PATH}/Podfile.lock\" \"${PODS_ROOT}/Manifest.lock\" > /dev/null\nif [ $? != 0 ] ; then\n    # print error to STDERR\n    echo \"error: The sandbox is not in sync with the Podfile.lock. Run 'pod install' or update your CocoaPods installation.\" >&2\n    exit 1\nfi\n# This output is used by Xcode 'outputs' to avoid re-running this script phase.\necho \"SUCCESS\" > \"${SCRIPT_OUTPUT_FILE_0}\"\n";
			showEnvVarsInLog = 0;
		};
		2FFBB2A0A2C6BF9E324CF31F /* [CP] Embed Pods Frameworks */ = {
			isa = PBXShellScriptBuildPhase;
			buildActionMask = 2147483647;
			files = (
			);
			inputFileListPaths = (
			);
			inputPaths = (
				"${SRCROOT}/Pods/Target Support Files/Pods-TransparentNavigationDemo/Pods-TransparentNavigationDemo-frameworks.sh",
				"${BUILT_PRODUCTS_DIR}/TransparentNavigation/TransparentNavigation.framework",
			);
			name = "[CP] Embed Pods Frameworks";
			outputFileListPaths = (
			);
			outputPaths = (
				"${TARGET_BUILD_DIR}/${FRAMEWORKS_FOLDER_PATH}/TransparentNavigation.framework",
			);
			runOnlyForDeploymentPostprocessing = 0;
			shellPath = /bin/sh;
			shellScript = "\"${SRCROOT}/Pods/Target Support Files/Pods-TransparentNavigationDemo/Pods-TransparentNavigationDemo-frameworks.sh\"\n";
			showEnvVarsInLog = 0;
		};
		BBC3FC22B64530831D5E0B31 /* [CP] Check Pods Manifest.lock */ = {
			isa = PBXShellScriptBuildPhase;
			buildActionMask = 2147483647;
			files = (
			);
			inputFileListPaths = (
			);
			inputPaths = (
				"${PODS_PODFILE_DIR_PATH}/Podfile.lock",
				"${PODS_ROOT}/Manifest.lock",
			);
			name = "[CP] Check Pods Manifest.lock";
			outputFileListPaths = (
			);
			outputPaths = (
				"$(DERIVED_FILE_DIR)/Pods-TransparentNavigationDemoUITests-checkManifestLockResult.txt",
			);
			runOnlyForDeploymentPostprocessing = 0;
			shellPath = /bin/sh;
			shellScript = "diff \"${PODS_PODFILE_DIR_PATH}/Podfile.lock\" \"${PODS_ROOT}/Manifest.lock\" > /dev/null\nif [ $? != 0 ] ; then\n    # print error to STDERR\n    echo \"error: The sandbox is not in sync with the Podfile.lock. Run 'pod install' or update your CocoaPods installation.\" >&2\n    exit 1\nfi\n# This output is used by Xcode 'outputs' to avoid re-running this script phase.\necho \"SUCCESS\" > \"${SCRIPT_OUTPUT_FILE_0}\"\n";
			showEnvVarsInLog = 0;
		};
		F6B479D39C67B9A1F881EA0D /* [CP] Check Pods Manifest.lock */ = {
			isa = PBXShellScriptBuildPhase;
			buildActionMask = 2147483647;
			files = (
			);
			inputFileListPaths = (
			);
			inputPaths = (
				"${PODS_PODFILE_DIR_PATH}/Podfile.lock",
				"${PODS_ROOT}/Manifest.lock",
			);
			name = "[CP] Check Pods Manifest.lock";
			outputFileListPaths = (
			);
			outputPaths = (
				"$(DERIVED_FILE_DIR)/Pods-TransparentNavigationDemo-checkManifestLockResult.txt",
			);
			runOnlyForDeploymentPostprocessing = 0;
			shellPath = /bin/sh;
			shellScript = "diff \"${PODS_PODFILE_DIR_PATH}/Podfile.lock\" \"${PODS_ROOT}/Manifest.lock\" > /dev/null\nif [ $? != 0 ] ; then\n    # print error to STDERR\n    echo \"error: The sandbox is not in sync with the Podfile.lock. Run 'pod install' or update your CocoaPods installation.\" >&2\n    exit 1\nfi\n# This output is used by Xcode 'outputs' to avoid re-running this script phase.\necho \"SUCCESS\" > \"${SCRIPT_OUTPUT_FILE_0}\"\n";
			showEnvVarsInLog = 0;
		};
/* End PBXShellScriptBuildPhase section */

/* Begin PBXSourcesBuildPhase section */
		32F1DE0621F1B47100430983 /* Sources */ = {
			isa = PBXSourcesBuildPhase;
			buildActionMask = 2147483647;
			files = (
				32F1DE1221F1B47100430983 /* ViewController.m in Sources */,
				32F1DE4121F1B4B000430983 /* NextViewController.m in Sources */,
				32F1DE5321F1B5FA00430983 /* File.swift in Sources */,
				32F1DE1D21F1B47200430983 /* main.m in Sources */,
				32F1DE0F21F1B47100430983 /* AppDelegate.m in Sources */,
			);
			runOnlyForDeploymentPostprocessing = 0;
		};
		32F1DE1E21F1B47300430983 /* Sources */ = {
			isa = PBXSourcesBuildPhase;
			buildActionMask = 2147483647;
			files = (
				32F1DE2721F1B47300430983 /* TransparentNavigationDemoTests.m in Sources */,
			);
			runOnlyForDeploymentPostprocessing = 0;
		};
		32F1DE2921F1B47300430983 /* Sources */ = {
			isa = PBXSourcesBuildPhase;
			buildActionMask = 2147483647;
			files = (
				32F1DE3221F1B47300430983 /* TransparentNavigationDemoUITests.m in Sources */,
			);
			runOnlyForDeploymentPostprocessing = 0;
		};
/* End PBXSourcesBuildPhase section */

/* Begin PBXTargetDependency section */
		32F1DE2421F1B47300430983 /* PBXTargetDependency */ = {
			isa = PBXTargetDependency;
			target = 32F1DE0921F1B47100430983 /* TransparentNavigationDemo */;
			targetProxy = 32F1DE2321F1B47300430983 /* PBXContainerItemProxy */;
		};
		32F1DE2F21F1B47300430983 /* PBXTargetDependency */ = {
			isa = PBXTargetDependency;
			target = 32F1DE0921F1B47100430983 /* TransparentNavigationDemo */;
			targetProxy = 32F1DE2E21F1B47300430983 /* PBXContainerItemProxy */;
		};
/* End PBXTargetDependency section */

/* Begin PBXVariantGroup section */
		32F1DE1321F1B47100430983 /* Main.storyboard */ = {
			isa = PBXVariantGroup;
			children = (
				32F1DE1421F1B47100430983 /* Base */,
			);
			name = Main.storyboard;
			sourceTree = "<group>";
		};
		32F1DE1821F1B47200430983 /* LaunchScreen.storyboard */ = {
			isa = PBXVariantGroup;
			children = (
				32F1DE1921F1B47200430983 /* Base */,
			);
			name = LaunchScreen.storyboard;
			sourceTree = "<group>";
		};
/* End PBXVariantGroup section */

/* Begin XCBuildConfiguration section */
		32F1DE3421F1B47300430983 /* Debug */ = {
			isa = XCBuildConfiguration;
			buildSettings = {
				ALWAYS_SEARCH_USER_PATHS = NO;
				CLANG_ANALYZER_NONNULL = YES;
				CLANG_ANALYZER_NUMBER_OBJECT_CONVERSION = YES_AGGRESSIVE;
				CLANG_CXX_LANGUAGE_STANDARD = "gnu++14";
				CLANG_CXX_LIBRARY = "libc++";
				CLANG_ENABLE_MODULES = YES;
				CLANG_ENABLE_OBJC_ARC = YES;
				CLANG_ENABLE_OBJC_WEAK = YES;
				CLANG_WARN_BLOCK_CAPTURE_AUTORELEASING = YES;
				CLANG_WARN_BOOL_CONVERSION = YES;
				CLANG_WARN_COMMA = YES;
				CLANG_WARN_CONSTANT_CONVERSION = YES;
				CLANG_WARN_DEPRECATED_OBJC_IMPLEMENTATIONS = YES;
				CLANG_WARN_DIRECT_OBJC_ISA_USAGE = YES_ERROR;
				CLANG_WARN_DOCUMENTATION_COMMENTS = YES;
				CLANG_WARN_EMPTY_BODY = YES;
				CLANG_WARN_ENUM_CONVERSION = YES;
				CLANG_WARN_INFINITE_RECURSION = YES;
				CLANG_WARN_INT_CONVERSION = YES;
				CLANG_WARN_NON_LITERAL_NULL_CONVERSION = YES;
				CLANG_WARN_OBJC_IMPLICIT_RETAIN_SELF = YES;
				CLANG_WARN_OBJC_LITERAL_CONVERSION = YES;
				CLANG_WARN_OBJC_ROOT_CLASS = YES_ERROR;
				CLANG_WARN_RANGE_LOOP_ANALYSIS = YES;
				CLANG_WARN_STRICT_PROTOTYPES = YES;
				CLANG_WARN_SUSPICIOUS_MOVE = YES;
				CLANG_WARN_UNGUARDED_AVAILABILITY = YES_AGGRESSIVE;
				CLANG_WARN_UNREACHABLE_CODE = YES;
				CLANG_WARN__DUPLICATE_METHOD_MATCH = YES;
				CODE_SIGN_IDENTITY = "iPhone Developer";
				COPY_PHASE_STRIP = NO;
				DEBUG_INFORMATION_FORMAT = dwarf;
				ENABLE_STRICT_OBJC_MSGSEND = YES;
				ENABLE_TESTABILITY = YES;
				GCC_C_LANGUAGE_STANDARD = gnu11;
				GCC_DYNAMIC_NO_PIC = NO;
				GCC_NO_COMMON_BLOCKS = YES;
				GCC_OPTIMIZATION_LEVEL = 0;
				GCC_PREPROCESSOR_DEFINITIONS = (
					"DEBUG=1",
					"$(inherited)",
				);
				GCC_WARN_64_TO_32_BIT_CONVERSION = YES;
				GCC_WARN_ABOUT_RETURN_TYPE = YES_ERROR;
				GCC_WARN_UNDECLARED_SELECTOR = YES;
				GCC_WARN_UNINITIALIZED_AUTOS = YES_AGGRESSIVE;
				GCC_WARN_UNUSED_FUNCTION = YES;
				GCC_WARN_UNUSED_VARIABLE = YES;
				IPHONEOS_DEPLOYMENT_TARGET = 12.1;
				MTL_ENABLE_DEBUG_INFO = INCLUDE_SOURCE;
				MTL_FAST_MATH = YES;
				ONLY_ACTIVE_ARCH = YES;
				SDKROOT = iphoneos;
			};
			name = Debug;
		};
		32F1DE3521F1B47300430983 /* Release */ = {
			isa = XCBuildConfiguration;
			buildSettings = {
				ALWAYS_SEARCH_USER_PATHS = NO;
				CLANG_ANALYZER_NONNULL = YES;
				CLANG_ANALYZER_NUMBER_OBJECT_CONVERSION = YES_AGGRESSIVE;
				CLANG_CXX_LANGUAGE_STANDARD = "gnu++14";
				CLANG_CXX_LIBRARY = "libc++";
				CLANG_ENABLE_MODULES = YES;
				CLANG_ENABLE_OBJC_ARC = YES;
				CLANG_ENABLE_OBJC_WEAK = YES;
				CLANG_WARN_BLOCK_CAPTURE_AUTORELEASING = YES;
				CLANG_WARN_BOOL_CONVERSION = YES;
				CLANG_WARN_COMMA = YES;
				CLANG_WARN_CONSTANT_CONVERSION = YES;
				CLANG_WARN_DEPRECATED_OBJC_IMPLEMENTATIONS = YES;
				CLANG_WARN_DIRECT_OBJC_ISA_USAGE = YES_ERROR;
				CLANG_WARN_DOCUMENTATION_COMMENTS = YES;
				CLANG_WARN_EMPTY_BODY = YES;
				CLANG_WARN_ENUM_CONVERSION = YES;
				CLANG_WARN_INFINITE_RECURSION = YES;
				CLANG_WARN_INT_CONVERSION = YES;
				CLANG_WARN_NON_LITERAL_NULL_CONVERSION = YES;
				CLANG_WARN_OBJC_IMPLICIT_RETAIN_SELF = YES;
				CLANG_WARN_OBJC_LITERAL_CONVERSION = YES;
				CLANG_WARN_OBJC_ROOT_CLASS = YES_ERROR;
				CLANG_WARN_RANGE_LOOP_ANALYSIS = YES;
				CLANG_WARN_STRICT_PROTOTYPES = YES;
				CLANG_WARN_SUSPICIOUS_MOVE = YES;
				CLANG_WARN_UNGUARDED_AVAILABILITY = YES_AGGRESSIVE;
				CLANG_WARN_UNREACHABLE_CODE = YES;
				CLANG_WARN__DUPLICATE_METHOD_MATCH = YES;
				CODE_SIGN_IDENTITY = "iPhone Developer";
				COPY_PHASE_STRIP = NO;
				DEBUG_INFORMATION_FORMAT = "dwarf-with-dsym";
				ENABLE_NS_ASSERTIONS = NO;
				ENABLE_STRICT_OBJC_MSGSEND = YES;
				GCC_C_LANGUAGE_STANDARD = gnu11;
				GCC_NO_COMMON_BLOCKS = YES;
				GCC_WARN_64_TO_32_BIT_CONVERSION = YES;
				GCC_WARN_ABOUT_RETURN_TYPE = YES_ERROR;
				GCC_WARN_UNDECLARED_SELECTOR = YES;
				GCC_WARN_UNINITIALIZED_AUTOS = YES_AGGRESSIVE;
				GCC_WARN_UNUSED_FUNCTION = YES;
				GCC_WARN_UNUSED_VARIABLE = YES;
				IPHONEOS_DEPLOYMENT_TARGET = 12.1;
				MTL_ENABLE_DEBUG_INFO = NO;
				MTL_FAST_MATH = YES;
				SDKROOT = iphoneos;
				VALIDATE_PRODUCT = YES;
			};
			name = Release;
		};
		32F1DE3721F1B47300430983 /* Debug */ = {
			isa = XCBuildConfiguration;
			baseConfigurationReference = F7AD8850E69DB5BD274D1867 /* Pods-TransparentNavigationDemo.debug.xcconfig */;
			buildSettings = {
				ASSETCATALOG_COMPILER_APPICON_NAME = AppIcon;
				CODE_SIGN_STYLE = Automatic;
				DEVELOPMENT_TEAM = 9J6JH9B3QM;
				INFOPLIST_FILE = TransparentNavigationDemo/Info.plist;
				IPHONEOS_DEPLOYMENT_TARGET = 9.0;
				LD_RUNPATH_SEARCH_PATHS = (
					"$(inherited)",
					"@executable_path/Frameworks",
				);
				PRODUCT_BUNDLE_IDENTIFIER = com.GeekBruce.TransparentNavigationDemo;
				PRODUCT_NAME = "$(TARGET_NAME)";
				SWIFT_OBJC_BRIDGING_HEADER = "TransparentNavigationDemo/TransparentNavigationDemo-Bridging-Header.h";
				SWIFT_VERSION = 4.2;
				TARGETED_DEVICE_FAMILY = "1,2";
			};
			name = Debug;
		};
		32F1DE3821F1B47300430983 /* Release */ = {
			isa = XCBuildConfiguration;
			baseConfigurationReference = 2D2EF87493E23FCCCEB41290 /* Pods-TransparentNavigationDemo.release.xcconfig */;
			buildSettings = {
				ASSETCATALOG_COMPILER_APPICON_NAME = AppIcon;
				CODE_SIGN_STYLE = Automatic;
				DEVELOPMENT_TEAM = 9J6JH9B3QM;
				INFOPLIST_FILE = TransparentNavigationDemo/Info.plist;
				IPHONEOS_DEPLOYMENT_TARGET = 9.0;
				LD_RUNPATH_SEARCH_PATHS = (
					"$(inherited)",
					"@executable_path/Frameworks",
				);
				PRODUCT_BUNDLE_IDENTIFIER = com.GeekBruce.TransparentNavigationDemo;
				PRODUCT_NAME = "$(TARGET_NAME)";
				SWIFT_OBJC_BRIDGING_HEADER = "TransparentNavigationDemo/TransparentNavigationDemo-Bridging-Header.h";
				SWIFT_VERSION = 4.2;
				TARGETED_DEVICE_FAMILY = "1,2";
			};
			name = Release;
		};
		32F1DE3A21F1B47300430983 /* Debug */ = {
			isa = XCBuildConfiguration;
			baseConfigurationReference = 1DE2C78721C6D28D954AFA4E /* Pods-TransparentNavigationDemoTests.debug.xcconfig */;
			buildSettings = {
				ALWAYS_EMBED_SWIFT_STANDARD_LIBRARIES = YES;
				BUNDLE_LOADER = "$(TEST_HOST)";
				CODE_SIGN_STYLE = Automatic;
				DEVELOPMENT_TEAM = 9J6JH9B3QM;
				INFOPLIST_FILE = TransparentNavigationDemoTests/Info.plist;
				LD_RUNPATH_SEARCH_PATHS = (
					"$(inherited)",
					"@executable_path/Frameworks",
					"@loader_path/Frameworks",
				);
				PRODUCT_BUNDLE_IDENTIFIER = com.GeekBruce.TransparentNavigationDemoTests;
				PRODUCT_NAME = "$(TARGET_NAME)";
				TARGETED_DEVICE_FAMILY = "1,2";
				TEST_HOST = "$(BUILT_PRODUCTS_DIR)/TransparentNavigationDemo.app/TransparentNavigationDemo";
			};
			name = Debug;
		};
		32F1DE3B21F1B47300430983 /* Release */ = {
			isa = XCBuildConfiguration;
			baseConfigurationReference = 84012A816CE6A395E49B6432 /* Pods-TransparentNavigationDemoTests.release.xcconfig */;
			buildSettings = {
				ALWAYS_EMBED_SWIFT_STANDARD_LIBRARIES = YES;
				BUNDLE_LOADER = "$(TEST_HOST)";
				CODE_SIGN_STYLE = Automatic;
				DEVELOPMENT_TEAM = 9J6JH9B3QM;
				INFOPLIST_FILE = TransparentNavigationDemoTests/Info.plist;
				LD_RUNPATH_SEARCH_PATHS = (
					"$(inherited)",
					"@executable_path/Frameworks",
					"@loader_path/Frameworks",
				);
				PRODUCT_BUNDLE_IDENTIFIER = com.GeekBruce.TransparentNavigationDemoTests;
				PRODUCT_NAME = "$(TARGET_NAME)";
				TARGETED_DEVICE_FAMILY = "1,2";
				TEST_HOST = "$(BUILT_PRODUCTS_DIR)/TransparentNavigationDemo.app/TransparentNavigationDemo";
			};
			name = Release;
		};
		32F1DE3D21F1B47300430983 /* Debug */ = {
			isa = XCBuildConfiguration;
			baseConfigurationReference = E8CC4B8CC3779A4769F9421D /* Pods-TransparentNavigationDemoUITests.debug.xcconfig */;
			buildSettings = {
				ALWAYS_EMBED_SWIFT_STANDARD_LIBRARIES = YES;
				CODE_SIGN_STYLE = Automatic;
				DEVELOPMENT_TEAM = 9J6JH9B3QM;
				INFOPLIST_FILE = TransparentNavigationDemoUITests/Info.plist;
				LD_RUNPATH_SEARCH_PATHS = (
					"$(inherited)",
					"@executable_path/Frameworks",
					"@loader_path/Frameworks",
				);
				PRODUCT_BUNDLE_IDENTIFIER = com.GeekBruce.TransparentNavigationDemoUITests;
				PRODUCT_NAME = "$(TARGET_NAME)";
				TARGETED_DEVICE_FAMILY = "1,2";
				TEST_TARGET_NAME = TransparentNavigationDemo;
			};
			name = Debug;
		};
		32F1DE3E21F1B47300430983 /* Release */ = {
			isa = XCBuildConfiguration;
			baseConfigurationReference = A305A18DD223D267B40788F6 /* Pods-TransparentNavigationDemoUITests.release.xcconfig */;
			buildSettings = {
				ALWAYS_EMBED_SWIFT_STANDARD_LIBRARIES = YES;
				CODE_SIGN_STYLE = Automatic;
				DEVELOPMENT_TEAM = 9J6JH9B3QM;
				INFOPLIST_FILE = TransparentNavigationDemoUITests/Info.plist;
				LD_RUNPATH_SEARCH_PATHS = (
					"$(inherited)",
					"@executable_path/Frameworks",
					"@loader_path/Frameworks",
				);
				PRODUCT_BUNDLE_IDENTIFIER = com.GeekBruce.TransparentNavigationDemoUITests;
				PRODUCT_NAME = "$(TARGET_NAME)";
				TARGETED_DEVICE_FAMILY = "1,2";
				TEST_TARGET_NAME = TransparentNavigationDemo;
			};
			name = Release;
		};
/* End XCBuildConfiguration section */

/* Begin XCConfigurationList section */
		32F1DE0521F1B47000430983 /* Build configuration list for PBXProject "TransparentNavigationDemo" */ = {
			isa = XCConfigurationList;
			buildConfigurations = (
				32F1DE3421F1B47300430983 /* Debug */,
				32F1DE3521F1B47300430983 /* Release */,
			);
			defaultConfigurationIsVisible = 0;
			defaultConfigurationName = Release;
		};
		32F1DE3621F1B47300430983 /* Build configuration list for PBXNativeTarget "TransparentNavigationDemo" */ = {
			isa = XCConfigurationList;
			buildConfigurations = (
				32F1DE3721F1B47300430983 /* Debug */,
				32F1DE3821F1B47300430983 /* Release */,
			);
			defaultConfigurationIsVisible = 0;
			defaultConfigurationName = Release;
		};
		32F1DE3921F1B47300430983 /* Build configuration list for PBXNativeTarget "TransparentNavigationDemoTests" */ = {
			isa = XCConfigurationList;
			buildConfigurations = (
				32F1DE3A21F1B47300430983 /* Debug */,
				32F1DE3B21F1B47300430983 /* Release */,
			);
			defaultConfigurationIsVisible = 0;
			defaultConfigurationName = Release;
		};
		32F1DE3C21F1B47300430983 /* Build configuration list for PBXNativeTarget "TransparentNavigationDemoUITests" */ = {
			isa = XCConfigurationList;
			buildConfigurations = (
				32F1DE3D21F1B47300430983 /* Debug */,
				32F1DE3E21F1B47300430983 /* Release */,
			);
			defaultConfigurationIsVisible = 0;
			defaultConfigurationName = Release;
		};
/* End XCConfigurationList section */
	};
	rootObject = 32F1DE0221F1B47000430983 /* Project object */;
}
